
Microsoft Visual Studio Solution File, Format Version 12.00
# Visual Studio Version 16
VisualStudioVersion = 16.0.30128.74
MinimumVisualStudioVersion = 10.0.40219.1
Project("{FAE04EC0-301F-11D3-BF4B-00C04F79EFBC}") = "IsenClases", "IsenClases.csproj", "{06CDB4B5-C309-46D6-AC0B-864AE69C5B63}"
EndProject
Global
	GlobalSection(SolutionConfigurationPlatforms) = preSolution
		Debug|Any CPU = Debug|Any CPU
		Release|Any CPU = Release|Any CPU
	EndGlobalSection
	GlobalSection(ProjectConfigurationPlatforms) = postSolution
		{06CDB4B5-C309-46D6-AC0B-864AE69C5B63}.Debug|Any CPU.ActiveCfg = Debug|Any CPU
		{06CDB4B5-C309-46D6-AC0B-864AE69C5B63}.Debug|Any CPU.Build.0 = Debug|Any CPU
		{06CDB4B5-C309-46D6-AC0B-864AE69C5B63}.Release|Any CPU.ActiveCfg = Release|Any CPU
		{06CDB4B5-C309-46D6-AC0B-864AE69C5B63}.Release|Any CPU.Build.0 = Release|Any CPU
	EndGlobalSection
	GlobalSection(SolutionProperties) = preSolution
		HideSolutionNode = FALSE
	EndGlobalSection
	GlobalSection(ExtensibilityGlobals) = postSolution
		SolutionGuid = {CDC3D7A7-4470-4608-B25F-C512A5572318}
	EndGlobalSection
EndGlobal
